
Microsoft Visual Studio Solution File, Format Version 12.00
# Visual Studio Version 17
VisualStudioVersion = 17.5.33627.172
MinimumVisualStudioVersion = 10.0.40219.1
Project("{00D1A9C2-B5F0-4AF3-8072-F6C62B433612}") = "BankingDB", "BankingDB.sqlproj", "{2DFB9679-AEC1-4E82-8B3D-DADEF8486703}"
EndProject
Global
	GlobalSection(SolutionConfigurationPlatforms) = preSolution
		Debug|Any CPU = Debug|Any CPU
		Release|Any CPU = Release|Any CPU
	EndGlobalSection
	GlobalSection(ProjectConfigurationPlatforms) = postSolution
		{2DFB9679-AEC1-4E82-8B3D-DADEF8486703}.Debug|Any CPU.ActiveCfg = Debug|Any CPU
		{2DFB9679-AEC1-4E82-8B3D-DADEF8486703}.Debug|Any CPU.Build.0 = Debug|Any CPU
		{2DFB9679-AEC1-4E82-8B3D-DADEF8486703}.Debug|Any CPU.Deploy.0 = Debug|Any CPU
		{2DFB9679-AEC1-4E82-8B3D-DADEF8486703}.Release|Any CPU.ActiveCfg = Release|Any CPU
		{2DFB9679-AEC1-4E82-8B3D-DADEF8486703}.Release|Any CPU.Build.0 = Release|Any CPU
		{2DFB9679-AEC1-4E82-8B3D-DADEF8486703}.Release|Any CPU.Deploy.0 = Release|Any CPU
	EndGlobalSection
	GlobalSection(SolutionProperties) = preSolution
		HideSolutionNode = FALSE
	EndGlobalSection
	GlobalSection(ExtensibilityGlobals) = postSolution
		SolutionGuid = {B0AA2C0A-32AA-4DFA-87A4-6F8F13DF0CA4}
	EndGlobalSection
EndGlobal
